{
  "name": "gitshow-template",
  "version": "0.0.1",
  "lockfileVersion": 1,
  "requires": true,
  "dependencies": {
    "tone": {
      "version": "13.8.27",
      "resolved": "https://registry.npmjs.org/tone/-/tone-13.8.27.tgz",
      "integrity": "sha512-lkHJU1/UoiXr1/umxcjs1xkizqMdkKwjmV3AhmfTl1RpQrAZsell7u1bjrZSXGP45Be576MxKwTwiIR5j71mdA=="
    }
  }
}
